// !$*UTF8*$!
{
	archiveVersion = 1;
	classes = {
	};
	objectVersion = 50;
	objects = {

/* Begin PBXBuildFile section */
		97DE2F36228250F0007BDF42 /* main.m in Sources */ = {isa = PBXBuildFile; fileRef = 97DE2F35228250F0007BDF42 /* main.m */; };
		97DE2F3E22825123007BDF42 /* BNRPerson.m in Sources */ = {isa = PBXBuildFile; fileRef = 97DE2F3D22825123007BDF42 /* BNRPerson.m */; };
		97DE2F412282541D007BDF42 /* BNRStockHolding.m in Sources */ = {isa = PBXBuildFile; fileRef = 97DE2F402282541D007BDF42 /* BNRStockHolding.m */; };
		97DE2F492283AFF5007BDF42 /* BRNEmployee.m in Sources */ = {isa = PBXBuildFile; fileRef = 97DE2F482283AFF5007BDF42 /* BRNEmployee.m */; };
		97DE2F4C2283B47D007BDF42 /* BNRForeignStockHolding.m in Sources */ = {isa = PBXBuildFile; fileRef = 97DE2F4B2283B47D007BDF42 /* BNRForeignStockHolding.m */; };
/* End PBXBuildFile section */

/* Begin PBXCopyFilesBuildPhase section */
		97DE2F30228250F0007BDF42 /* CopyFiles */ = {
			isa = PBXCopyFilesBuildPhase;
			buildActionMask = 2147483647;
			dstPath = /usr/share/man/man1/;
			dstSubfolderSpec = 0;
			files = (
			);
			runOnlyForDeploymentPostprocessing = 1;
		};
/* End PBXCopyFilesBuildPhase section */

/* Begin PBXFileReference section */
		97DE2F32228250F0007BDF42 /* 18BMITime */ = {isa = PBXFileReference; explicitFileType = "compiled.mach-o.executable"; includeInIndex = 0; path = 18BMITime; sourceTree = BUILT_PRODUCTS_DIR; };
		97DE2F35228250F0007BDF42 /* main.m */ = {isa = PBXFileReference; lastKnownFileType = sourcecode.c.objc; path = main.m; sourceTree = "<group>"; };
		97DE2F3C22825123007BDF42 /* BNRPerson.h */ = {isa = PBXFileReference; lastKnownFileType = sourcecode.c.h; path = BNRPerson.h; sourceTree = "<group>"; };
		97DE2F3D22825123007BDF42 /* BNRPerson.m */ = {isa = PBXFileReference; lastKnownFileType = sourcecode.c.objc; path = BNRPerson.m; sourceTree = "<group>"; };
		97DE2F3F2282541D007BDF42 /* BNRStockHolding.h */ = {isa = PBXFileReference; lastKnownFileType = sourcecode.c.h; path = BNRStockHolding.h; sourceTree = "<group>"; };
		97DE2F402282541D007BDF42 /* BNRStockHolding.m */ = {isa = PBXFileReference; lastKnownFileType = sourcecode.c.objc; path = BNRStockHolding.m; sourceTree = "<group>"; };
		97DE2F472283AFF5007BDF42 /* BRNEmployee.h */ = {isa = PBXFileReference; lastKnownFileType = sourcecode.c.h; path = BRNEmployee.h; sourceTree = "<group>"; };
		97DE2F482283AFF5007BDF42 /* BRNEmployee.m */ = {isa = PBXFileReference; lastKnownFileType = sourcecode.c.objc; path = BRNEmployee.m; sourceTree = "<group>"; };
		97DE2F4A2283B47D007BDF42 /* BNRForeignStockHolding.h */ = {isa = PBXFileReference; lastKnownFileType = sourcecode.c.h; path = BNRForeignStockHolding.h; sourceTree = "<group>"; };
		97DE2F4B2283B47D007BDF42 /* BNRForeignStockHolding.m */ = {isa = PBXFileReference; lastKnownFileType = sourcecode.c.objc; path = BNRForeignStockHolding.m; sourceTree = "<group>"; };
/* End PBXFileReference section */

/* Begin PBXFrameworksBuildPhase section */
		97DE2F2F228250F0007BDF42 /* Frameworks */ = {
			isa = PBXFrameworksBuildPhase;
			buildActionMask = 2147483647;
			files = (
			);
			runOnlyForDeploymentPostprocessing = 0;
		};
/* End PBXFrameworksBuildPhase section */

/* Begin PBXGroup section */
		97DE2F29228250EF007BDF42 = {
			isa = PBXGroup;
			children = (
				97DE2F34228250F0007BDF42 /* 18BMITime */,
				97DE2F33228250F0007BDF42 /* Products */,
			);
			sourceTree = "<group>";
		};
		97DE2F33228250F0007BDF42 /* Products */ = {
			isa = PBXGroup;
			children = (
				97DE2F32228250F0007BDF42 /* 18BMITime */,
			);
			name = Products;
			sourceTree = "<group>";
		};
		97DE2F34228250F0007BDF42 /* 18BMITime */ = {
			isa = PBXGroup;
			children = (
				97DE2F3C22825123007BDF42 /* BNRPerson.h */,
				97DE2F472283AFF5007BDF42 /* BRNEmployee.h */,
				97DE2F482283AFF5007BDF42 /* BRNEmployee.m */,
				97DE2F3D22825123007BDF42 /* BNRPerson.m */,
				97DE2F3F2282541D007BDF42 /* BNRStockHolding.h */,
				97DE2F402282541D007BDF42 /* BNRStockHolding.m */,
				97DE2F35228250F0007BDF42 /* main.m */,
				97DE2F4A2283B47D007BDF42 /* BNRForeignStockHolding.h */,
				97DE2F4B2283B47D007BDF42 /* BNRForeignStockHolding.m */,
			);
			path = 18BMITime;
			sourceTree = "<group>";
		};
/* End PBXGroup section */

/* Begin PBXNativeTarget section */
		97DE2F31228250F0007BDF42 /* 18BMITime */ = {
			isa = PBXNativeTarget;
			buildConfigurationList = 97DE2F39228250F0007BDF42 /* Build configuration list for PBXNativeTarget "18BMITime" */;
			buildPhases = (
				97DE2F2E228250F0007BDF42 /* Sources */,
				97DE2F2F228250F0007BDF42 /* Frameworks */,
				97DE2F30228250F0007BDF42 /* CopyFiles */,
			);
			buildRules = (
			);
			dependencies = (
			);
			name = 18BMITime;
			productName = 18BMITime;
			productReference = 97DE2F32228250F0007BDF42 /* 18BMITime */;
			productType = "com.apple.product-type.tool";
		};
/* End PBXNativeTarget section */

/* Begin PBXProject section */
		97DE2F2A228250EF007BDF42 /* Project object */ = {
			isa = PBXProject;
			attributes = {
				LastUpgradeCheck = 1020;
				ORGANIZATIONNAME = "rhino Q";
				TargetAttributes = {
					97DE2F31228250F0007BDF42 = {
						CreatedOnToolsVersion = 10.2.1;
					};
				};
			};
			buildConfigurationList = 97DE2F2D228250EF007BDF42 /* Build configuration list for PBXProject "18BMITime" */;
			compatibilityVersion = "Xcode 9.3";
			developmentRegion = en;
			hasScannedForEncodings = 0;
			knownRegions = (
				en,
			);
			mainGroup = 97DE2F29228250EF007BDF42;
			productRefGroup = 97DE2F33228250F0007BDF42 /* Products */;
			projectDirPath = "";
			projectRoot = "";
			targets = (
				97DE2F31228250F0007BDF42 /* 18BMITime */,
			);
		};
/* End PBXProject section */

/* Begin PBXSourcesBuildPhase section */
		97DE2F2E228250F0007BDF42 /* Sources */ = {
			isa = PBXSourcesBuildPhase;
			buildActionMask = 2147483647;
			files = (
				97DE2F4C2283B47D007BDF42 /* BNRForeignStockHolding.m in Sources */,
				97DE2F36228250F0007BDF42 /* main.m in Sources */,
				97DE2F3E22825123007BDF42 /* BNRPerson.m in Sources */,
				97DE2F492283AFF5007BDF42 /* BRNEmployee.m in Sources */,
				97DE2F412282541D007BDF42 /* BNRStockHolding.m in Sources */,
			);
			runOnlyForDeploymentPostprocessing = 0;
		};
/* End PBXSourcesBuildPhase section */

/* Begin XCBuildConfiguration section */
		97DE2F37228250F0007BDF42 /* Debug */ = {
			isa = XCBuildConfiguration;
			buildSettings = {
				ALWAYS_SEARCH_USER_PATHS = NO;
				CLANG_ANALYZER_NONNULL = YES;
				CLANG_ANALYZER_NUMBER_OBJECT_CONVERSION = YES_AGGRESSIVE;
				CLANG_CXX_LANGUAGE_STANDARD = "gnu++14";
				CLANG_CXX_LIBRARY = "libc++";
				CLANG_ENABLE_MODULES = YES;
				CLANG_ENABLE_OBJC_ARC = YES;
				CLANG_ENABLE_OBJC_WEAK = YES;
				CLANG_WARN_BLOCK_CAPTURE_AUTORELEASING = YES;
				CLANG_WARN_BOOL_CONVERSION = YES;
				CLANG_WARN_COMMA = YES;
				CLANG_WARN_CONSTANT_CONVERSION = YES;
				CLANG_WARN_DEPRECATED_OBJC_IMPLEMENTATIONS = YES;
				CLANG_WARN_DIRECT_OBJC_ISA_USAGE = YES_ERROR;
				CLANG_WARN_DOCUMENTATION_COMMENTS = YES;
				CLANG_WARN_EMPTY_BODY = YES;
				CLANG_WARN_ENUM_CONVERSION = YES;
				CLANG_WARN_INFINITE_RECURSION = YES;
				CLANG_WARN_INT_CONVERSION = YES;
				CLANG_WARN_NON_LITERAL_NULL_CONVERSION = YES;
				CLANG_WARN_OBJC_IMPLICIT_RETAIN_SELF = YES;
				CLANG_WARN_OBJC_LITERAL_CONVERSION = YES;
				CLANG_WARN_OBJC_ROOT_CLASS = YES_ERROR;
				CLANG_WARN_RANGE_LOOP_ANALYSIS = YES;
				CLANG_WARN_STRICT_PROTOTYPES = YES;
				CLANG_WARN_SUSPICIOUS_MOVE = YES;
				CLANG_WARN_UNGUARDED_AVAILABILITY = YES_AGGRESSIVE;
				CLANG_WARN_UNREACHABLE_CODE = YES;
				CLANG_WARN__DUPLICATE_METHOD_MATCH = YES;
				CODE_SIGN_IDENTITY = "-";
				COPY_PHASE_STRIP = NO;
				DEBUG_INFORMATION_FORMAT = dwarf;
				ENABLE_STRICT_OBJC_MSGSEND = YES;
				ENABLE_TESTABILITY = YES;
				GCC_C_LANGUAGE_STANDARD = gnu11;
				GCC_DYNAMIC_NO_PIC = NO;
				GCC_NO_COMMON_BLOCKS = YES;
				GCC_OPTIMIZATION_LEVEL = 0;
				GCC_PREPROCESSOR_DEFINITIONS = (
					"DEBUG=1",
					"$(inherited)",
				);
				GCC_WARN_64_TO_32_BIT_CONVERSION = YES;
				GCC_WARN_ABOUT_RETURN_TYPE = YES_ERROR;
				GCC_WARN_UNDECLARED_SELECTOR = YES;
				GCC_WARN_UNINITIALIZED_AUTOS = YES_AGGRESSIVE;
				GCC_WARN_UNUSED_FUNCTION = YES;
				GCC_WARN_UNUSED_VARIABLE = YES;
				MACOSX_DEPLOYMENT_TARGET = 10.14;
				MTL_ENABLE_DEBUG_INFO = INCLUDE_SOURCE;
				MTL_FAST_MATH = YES;
				ONLY_ACTIVE_ARCH = YES;
				SDKROOT = macosx;
			};
			name = Debug;
		};
		97DE2F38228250F0007BDF42 /* Release */ = {
			isa = XCBuildConfiguration;
			buildSettings = {
				ALWAYS_SEARCH_USER_PATHS = NO;
				CLANG_ANALYZER_NONNULL = YES;
				CLANG_ANALYZER_NUMBER_OBJECT_CONVERSION = YES_AGGRESSIVE;
				CLANG_CXX_LANGUAGE_STANDARD = "gnu++14";
				CLANG_CXX_LIBRARY = "libc++";
				CLANG_ENABLE_MODULES = YES;
				CLANG_ENABLE_OBJC_ARC = YES;
				CLANG_ENABLE_OBJC_WEAK = YES;
				CLANG_WARN_BLOCK_CAPTURE_AUTORELEASING = YES;
				CLANG_WARN_BOOL_CONVERSION = YES;
				CLANG_WARN_COMMA = YES;
				CLANG_WARN_CONSTANT_CONVERSION = YES;
				CLANG_WARN_DEPRECATED_OBJC_IMPLEMENTATIONS = YES;
				CLANG_WARN_DIRECT_OBJC_ISA_USAGE = YES_ERROR;
				CLANG_WARN_DOCUMENTATION_COMMENTS = YES;
				CLANG_WARN_EMPTY_BODY = YES;
				CLANG_WARN_ENUM_CONVERSION = YES;
				CLANG_WARN_INFINITE_RECURSION = YES;
				CLANG_WARN_INT_CONVERSION = YES;
				CLANG_WARN_NON_LITERAL_NULL_CONVERSION = YES;
				CLANG_WARN_OBJC_IMPLICIT_RETAIN_SELF = YES;
				CLANG_WARN_OBJC_LITERAL_CONVERSION = YES;
				CLANG_WARN_OBJC_ROOT_CLASS = YES_ERROR;
				CLANG_WARN_RANGE_LOOP_ANALYSIS = YES;
				CLANG_WARN_STRICT_PROTOTYPES = YES;
				CLANG_WARN_SUSPICIOUS_MOVE = YES;
				CLANG_WARN_UNGUARDED_AVAILABILITY = YES_AGGRESSIVE;
				CLANG_WARN_UNREACHABLE_CODE = YES;
				CLANG_WARN__DUPLICATE_METHOD_MATCH = YES;
				CODE_SIGN_IDENTITY = "-";
				COPY_PHASE_STRIP = NO;
				DEBUG_INFORMATION_FORMAT = "dwarf-with-dsym";
				ENABLE_NS_ASSERTIONS = NO;
				ENABLE_STRICT_OBJC_MSGSEND = YES;
				GCC_C_LANGUAGE_STANDARD = gnu11;
				GCC_NO_COMMON_BLOCKS = YES;
				GCC_WARN_64_TO_32_BIT_CONVERSION = YES;
				GCC_WARN_ABOUT_RETURN_TYPE = YES_ERROR;
				GCC_WARN_UNDECLARED_SELECTOR = YES;
				GCC_WARN_UNINITIALIZED_AUTOS = YES_AGGRESSIVE;
				GCC_WARN_UNUSED_FUNCTION = YES;
				GCC_WARN_UNUSED_VARIABLE = YES;
				MACOSX_DEPLOYMENT_TARGET = 10.14;
				MTL_ENABLE_DEBUG_INFO = NO;
				MTL_FAST_MATH = YES;
				SDKROOT = macosx;
			};
			name = Release;
		};
		97DE2F3A228250F0007BDF42 /* Debug */ = {
			isa = XCBuildConfiguration;
			buildSettings = {
				CODE_SIGN_STYLE = Automatic;
				PRODUCT_NAME = "$(TARGET_NAME)";
			};
			name = Debug;
		};
		97DE2F3B228250F0007BDF42 /* Release */ = {
			isa = XCBuildConfiguration;
			buildSettings = {
				CODE_SIGN_STYLE = Automatic;
				PRODUCT_NAME = "$(TARGET_NAME)";
			};
			name = Release;
		};
/* End XCBuildConfiguration section */

/* Begin XCConfigurationList section */
		97DE2F2D228250EF007BDF42 /* Build configuration list for PBXProject "18BMITime" */ = {
			isa = XCConfigurationList;
			buildConfigurations = (
				97DE2F37228250F0007BDF42 /* Debug */,
				97DE2F38228250F0007BDF42 /* Release */,
			);
			defaultConfigurationIsVisible = 0;
			defaultConfigurationName = Release;
		};
		97DE2F39228250F0007BDF42 /* Build configuration list for PBXNativeTarget "18BMITime" */ = {
			isa = XCConfigurationList;
			buildConfigurations = (
				97DE2F3A228250F0007BDF42 /* Debug */,
				97DE2F3B228250F0007BDF42 /* Release */,
			);
			defaultConfigurationIsVisible = 0;
			defaultConfigurationName = Release;
		};
/* End XCConfigurationList section */
	};
	rootObject = 97DE2F2A228250EF007BDF42 /* Project object */;
}
